
Microsoft Visual Studio Solution File, Format Version 12.00
# Visual Studio 15
VisualStudioVersion = 15.0.27130.2036
MinimumVisualStudioVersion = 10.0.40219.1
Project("{8BC9CEB8-8B4A-11D0-8D11-00A0C91BC942}") = "StegDestroyLib", "StegDestroyLib\StegDestroyLib.vcxproj", "{9742B31D-2E4F-4528-BAE6-ADB4F85622C3}"
EndProject
Project("{8BC9CEB8-8B4A-11D0-8D11-00A0C91BC942}") = "Magick++Test1", "..\Magick++Test1\Magick++Test1\Magick++Test1.vcxproj", "{CEB2EEE3-6E9E-462C-998F-1624ED0EB069}"
EndProject
Project("{8BC9CEB8-8B4A-11D0-8D11-00A0C91BC942}") = "OpenCV-NugetInstallTest", "..\OpenCV-NugetInstallTest\OpenCV-NugetInstallTest\OpenCV-NugetInstallTest.vcxproj", "{1AD22CE6-6C96-459E-9B3F-A091F4234919}"
EndProject
Global
	GlobalSection(SolutionConfigurationPlatforms) = preSolution
		Debug|x64 = Debug|x64
		Debug|x86 = Debug|x86
		Release|x64 = Release|x64
		Release|x86 = Release|x86
	EndGlobalSection
	GlobalSection(ProjectConfigurationPlatforms) = postSolution
		{9742B31D-2E4F-4528-BAE6-ADB4F85622C3}.Debug|x64.ActiveCfg = Debug|x64
		{9742B31D-2E4F-4528-BAE6-ADB4F85622C3}.Debug|x64.Build.0 = Debug|x64
		{9742B31D-2E4F-4528-BAE6-ADB4F85622C3}.Debug|x86.ActiveCfg = Debug|Win32
		{9742B31D-2E4F-4528-BAE6-ADB4F85622C3}.Debug|x86.Build.0 = Debug|Win32
		{9742B31D-2E4F-4528-BAE6-ADB4F85622C3}.Release|x64.ActiveCfg = Release|x64
		{9742B31D-2E4F-4528-BAE6-ADB4F85622C3}.Release|x64.Build.0 = Release|x64
		{9742B31D-2E4F-4528-BAE6-ADB4F85622C3}.Release|x86.ActiveCfg = Release|Win32
		{9742B31D-2E4F-4528-BAE6-ADB4F85622C3}.Release|x86.Build.0 = Release|Win32
		{CEB2EEE3-6E9E-462C-998F-1624ED0EB069}.Debug|x64.ActiveCfg = Debug|x64
		{CEB2EEE3-6E9E-462C-998F-1624ED0EB069}.Debug|x64.Build.0 = Debug|x64
		{CEB2EEE3-6E9E-462C-998F-1624ED0EB069}.Debug|x86.ActiveCfg = Debug|Win32
		{CEB2EEE3-6E9E-462C-998F-1624ED0EB069}.Debug|x86.Build.0 = Debug|Win32
		{CEB2EEE3-6E9E-462C-998F-1624ED0EB069}.Release|x64.ActiveCfg = Release|x64
		{CEB2EEE3-6E9E-462C-998F-1624ED0EB069}.Release|x64.Build.0 = Release|x64
		{CEB2EEE3-6E9E-462C-998F-1624ED0EB069}.Release|x86.ActiveCfg = Release|Win32
		{CEB2EEE3-6E9E-462C-998F-1624ED0EB069}.Release|x86.Build.0 = Release|Win32
		{1AD22CE6-6C96-459E-9B3F-A091F4234919}.Debug|x64.ActiveCfg = Debug|x64
		{1AD22CE6-6C96-459E-9B3F-A091F4234919}.Debug|x64.Build.0 = Debug|x64
		{1AD22CE6-6C96-459E-9B3F-A091F4234919}.Debug|x86.ActiveCfg = Debug|Win32
		{1AD22CE6-6C96-459E-9B3F-A091F4234919}.Debug|x86.Build.0 = Debug|Win32
		{1AD22CE6-6C96-459E-9B3F-A091F4234919}.Release|x64.ActiveCfg = Release|x64
		{1AD22CE6-6C96-459E-9B3F-A091F4234919}.Release|x64.Build.0 = Release|x64
		{1AD22CE6-6C96-459E-9B3F-A091F4234919}.Release|x86.ActiveCfg = Release|Win32
		{1AD22CE6-6C96-459E-9B3F-A091F4234919}.Release|x86.Build.0 = Release|Win32
	EndGlobalSection
	GlobalSection(SolutionProperties) = preSolution
		HideSolutionNode = FALSE
	EndGlobalSection
	GlobalSection(ExtensibilityGlobals) = postSolution
		SolutionGuid = {A8D779C6-63E4-44C0-9A82-4AC650CB8D6E}
	EndGlobalSection
EndGlobal
